{
  "lockfileVersion": 1,
  "configVersion": 0,
  "workspaces": {
    "": {
      "dependencies": {
        "@opencode-ai/plugin": "1.2.1",
      },
    },
  },
  "packages": {
    "@opencode-ai/plugin": [
      "@opencode-ai/plugin@1.2.1",
      "",
      {
        "dependencies": {
          "@opencode-ai/sdk": "1.2.1",
          "zod": "4.1.8"
        }
      },
      "sha512-PVRz3Y0l7+xi4iNxvdC32zx5wrEMfCiVQQVh3wZ7r+g6kM+8pUguKhwxTcwcOx57XMPMhmuoxuRcLMn79gtQuA=="
    ],
    "@opencode-ai/sdk": [
      "@opencode-ai/sdk@1.2.1",
      "",
      {},
      "sha512-K5e15mIXTyAykBw0GX+8O28IJHlPMw1jI/m3SDu+hgUHjmg2refqLPqyuqv8hE2nRcuGi8HajhpDJjkO7H2S0A=="
    ],
    "zod": [
      "zod@4.1.8",
      "",
      {},
      "sha512-5R1P+WwQqmmMIEACyzSvo4JXHY5WiAFHRMg+zBZKgKS+Q1viRa0C1hmUKtHltoIFKtIdki3pRxkmpP74jnNYHQ=="
    ],
  }
}